[root]
name = "test-rs"
version = "0.0.1"
dependencies = [
 "winapi 0.0.1 (git+https://github.com/retep998/winapi-rs.git#437ade07d42805641fbffb56627e8716816a5686)",
]

[[package]]
name = "winapi"
version = "0.0.1"
source = "git+https://github.com/retep998/winapi-rs.git#437ade07d42805641fbffb56627e8716816a5686"

